Microsoft Visual Studio Solution File, Format Version 12.00
# Visual Studio Version 17
VisualStudioVersion = 17.5.2.0
MinimumVisualStudioVersion = 10.0.40219.1
Project("{FAE04EC0-301F-11D3-BF4B-00C04F79EFBC}") = "Employee Scheduling", "Employee Scheduling.csproj", "{0428F0AC-0057-EC24-C9BE-1D40445378A5}"
EndProject
Global
	GlobalSection(SolutionConfigurationPlatforms) = preSolution
		Debug|Any CPU = Debug|Any CPU
		Release|Any CPU = Release|Any CPU
	EndGlobalSection
	GlobalSection(ProjectConfigurationPlatforms) = postSolution
		{0428F0AC-0057-EC24-C9BE-1D40445378A5}.Debug|Any CPU.ActiveCfg = Debug|Any CPU
		{0428F0AC-0057-EC24-C9BE-1D40445378A5}.Debug|Any CPU.Build.0 = Debug|Any CPU
		{0428F0AC-0057-EC24-C9BE-1D40445378A5}.Release|Any CPU.ActiveCfg = Release|Any CPU
		{0428F0AC-0057-EC24-C9BE-1D40445378A5}.Release|Any CPU.Build.0 = Release|Any CPU
	EndGlobalSection
	GlobalSection(SolutionProperties) = preSolution
		HideSolutionNode = FALSE
	EndGlobalSection
	GlobalSection(ExtensibilityGlobals) = postSolution
		SolutionGuid = {D4E1ADB4-537F-42D0-B3A4-E0CC2EE6DF5B}
	EndGlobalSection
EndGlobal
